
Microsoft Visual Studio Solution File, Format Version 12.00
# Visual Studio Version 16
VisualStudioVersion = 16.0.30413.136
MinimumVisualStudioVersion = 10.0.40219.1
Project("{FAE04EC0-301F-11D3-BF4B-00C04F79EFBC}") = "ExcelFunctionUnit", "ExcelFunctionUnit.csproj", "{14699481-DE9F-4925-84E6-5A166CC85B3D}"
EndProject
Global
	GlobalSection(SolutionConfigurationPlatforms) = preSolution
		Debug|Any CPU = Debug|Any CPU
		Release|Any CPU = Release|Any CPU
	EndGlobalSection
	GlobalSection(ProjectConfigurationPlatforms) = postSolution
		{14699481-DE9F-4925-84E6-5A166CC85B3D}.Debug|Any CPU.ActiveCfg = Debug|Any CPU
		{14699481-DE9F-4925-84E6-5A166CC85B3D}.Debug|Any CPU.Build.0 = Debug|Any CPU
		{14699481-DE9F-4925-84E6-5A166CC85B3D}.Release|Any CPU.ActiveCfg = Release|Any CPU
		{14699481-DE9F-4925-84E6-5A166CC85B3D}.Release|Any CPU.Build.0 = Release|Any CPU
	EndGlobalSection
	GlobalSection(SolutionProperties) = preSolution
		HideSolutionNode = FALSE
	EndGlobalSection
	GlobalSection(ExtensibilityGlobals) = postSolution
		SolutionGuid = {E91556E4-6FDD-4E48-92B4-F615800F9C44}
	EndGlobalSection
EndGlobal
